
Microsoft Visual Studio Solution File, Format Version 12.00
# Visual Studio 15
VisualStudioVersion = 15.0.28307.645
MinimumVisualStudioVersion = 10.0.40219.1
Project("{8BC9CEB8-8B4A-11D0-8D11-00A0C91BC942}") = "ConsoleHashProgram", "ConsoleHashProgram\ConsoleHashProgram.vcxproj", "{965EED21-9D65-4CDF-A217-718C446C9D63}"
EndProject
Global
	GlobalSection(SolutionConfigurationPlatforms) = preSolution
		Debug|x64 = Debug|x64
		Debug|x86 = Debug|x86
		Release|x64 = Release|x64
		Release|x86 = Release|x86
	EndGlobalSection
	GlobalSection(ProjectConfigurationPlatforms) = postSolution
		{965EED21-9D65-4CDF-A217-718C446C9D63}.Debug|x64.ActiveCfg = Debug|x64
		{965EED21-9D65-4CDF-A217-718C446C9D63}.Debug|x64.Build.0 = Debug|x64
		{965EED21-9D65-4CDF-A217-718C446C9D63}.Debug|x86.ActiveCfg = Debug|Win32
		{965EED21-9D65-4CDF-A217-718C446C9D63}.Debug|x86.Build.0 = Debug|Win32
		{965EED21-9D65-4CDF-A217-718C446C9D63}.Release|x64.ActiveCfg = Release|x64
		{965EED21-9D65-4CDF-A217-718C446C9D63}.Release|x64.Build.0 = Release|x64
		{965EED21-9D65-4CDF-A217-718C446C9D63}.Release|x86.ActiveCfg = Release|Win32
		{965EED21-9D65-4CDF-A217-718C446C9D63}.Release|x86.Build.0 = Release|Win32
	EndGlobalSection
	GlobalSection(SolutionProperties) = preSolution
		HideSolutionNode = FALSE
	EndGlobalSection
	GlobalSection(ExtensibilityGlobals) = postSolution
		SolutionGuid = {12A9FBB7-FDE1-44E3-92AE-7D95B8058541}
	EndGlobalSection
EndGlobal
